
Microsoft Visual Studio Solution File, Format Version 12.00
# Visual Studio 14
VisualStudioVersion = 14.0.25420.1
MinimumVisualStudioVersion = 10.0.40219.1
Project("{FAE04EC0-301F-11D3-BF4B-00C04F79EFBC}") = "Fourth.DataLoads.ApiEndPoint", "Fourth.DataLoads.ApiEndPoint\Fourth.DataLoads.ApiEndPoint.csproj", "{9F8566DB-216C-4D69-BE34-7A0F3D0C7F4E}"
EndProject
Project("{FAE04EC0-301F-11D3-BF4B-00C04F79EFBC}") = "Fourth.DataLoads.ApiEndPoint.Tests", "Fourth.DataLoads.ApiEndPoint.Tests\Fourth.DataLoads.ApiEndPoint.Tests.csproj", "{2E3D52BD-7F10-4E39-A87E-0672FD76E103}"
EndProject
Project("{FAE04EC0-301F-11D3-BF4B-00C04F79EFBC}") = "Fourth.DataLoads.Data", "Fourth.DataLoads.Data\Fourth.DataLoads.Data.csproj", "{038974A4-2F8C-4637-96B7-2B1966C3703F}"
EndProject
Project("{FAE04EC0-301F-11D3-BF4B-00C04F79EFBC}") = "Fourth.DataLoads.Validation", "Fourth.DataLoads.PeopleSystem.Validation\Fourth.DataLoads.Validation.csproj", "{EE6422BA-25CD-4946-A925-22B516A6ADE6}"
EndProject
Project("{FAE04EC0-301F-11D3-BF4B-00C04F79EFBC}") = "Fourth.DataLoads.Listener", "Fourth.DataLoads.Listener\Fourth.DataLoads.Listener\Fourth.DataLoads.Listener.csproj", "{81BCCDB6-F863-472C-9C5C-FE93B3177CB6}"
EndProject
Project("{2150E333-8FDC-42A3-9474-1A3956D46DE8}") = "Tests", "Tests", "{F2437445-B166-434B-A341-98AA1C45B4C1}"
EndProject
Project("{FAE04EC0-301F-11D3-BF4B-00C04F79EFBC}") = "Fourth.DataLoads.Listener.Tests", "Fourth.DataLoads.Listener.Tests\Fourth.DataLoads.Listener.Tests.csproj", "{AA38B9EB-8981-479A-ABEF-C59BFFE4ED1A}"
	ProjectSection(ProjectDependencies) = postProject
		{038974A4-2F8C-4637-96B7-2B1966C3703F} = {038974A4-2F8C-4637-96B7-2B1966C3703F}
		{81BCCDB6-F863-472C-9C5C-FE93B3177CB6} = {81BCCDB6-F863-472C-9C5C-FE93B3177CB6}
	EndProjectSection
EndProject
Project("{2150E333-8FDC-42A3-9474-1A3956D46DE8}") = "Solution Items", "Solution Items", "{8DD0C4DB-0F0D-4313-9D7C-89BBF1D220D6}"
	ProjectSection(SolutionItems) = preProject
		BuildVersion.props = BuildVersion.props
		FourthDataloads.msbuild = FourthDataloads.msbuild
		.Nuget\Nuget.exe = .Nuget\Nuget.exe
	EndProjectSection
EndProject
Global
	GlobalSection(SolutionConfigurationPlatforms) = preSolution
		Debug|Any CPU = Debug|Any CPU
		Release|Any CPU = Release|Any CPU
	EndGlobalSection
	GlobalSection(ProjectConfigurationPlatforms) = postSolution
		{9F8566DB-216C-4D69-BE34-7A0F3D0C7F4E}.Debug|Any CPU.ActiveCfg = Debug|Any CPU
		{9F8566DB-216C-4D69-BE34-7A0F3D0C7F4E}.Debug|Any CPU.Build.0 = Debug|Any CPU
		{9F8566DB-216C-4D69-BE34-7A0F3D0C7F4E}.Release|Any CPU.ActiveCfg = Release|Any CPU
		{9F8566DB-216C-4D69-BE34-7A0F3D0C7F4E}.Release|Any CPU.Build.0 = Release|Any CPU
		{2E3D52BD-7F10-4E39-A87E-0672FD76E103}.Debug|Any CPU.ActiveCfg = Debug|Any CPU
		{2E3D52BD-7F10-4E39-A87E-0672FD76E103}.Debug|Any CPU.Build.0 = Debug|Any CPU
		{2E3D52BD-7F10-4E39-A87E-0672FD76E103}.Release|Any CPU.ActiveCfg = Release|Any CPU
		{2E3D52BD-7F10-4E39-A87E-0672FD76E103}.Release|Any CPU.Build.0 = Release|Any CPU
		{038974A4-2F8C-4637-96B7-2B1966C3703F}.Debug|Any CPU.ActiveCfg = Debug|Any CPU
		{038974A4-2F8C-4637-96B7-2B1966C3703F}.Debug|Any CPU.Build.0 = Debug|Any CPU
		{038974A4-2F8C-4637-96B7-2B1966C3703F}.Release|Any CPU.ActiveCfg = Release|Any CPU
		{038974A4-2F8C-4637-96B7-2B1966C3703F}.Release|Any CPU.Build.0 = Release|Any CPU
		{EE6422BA-25CD-4946-A925-22B516A6ADE6}.Debug|Any CPU.ActiveCfg = Debug|Any CPU
		{EE6422BA-25CD-4946-A925-22B516A6ADE6}.Debug|Any CPU.Build.0 = Debug|Any CPU
		{EE6422BA-25CD-4946-A925-22B516A6ADE6}.Release|Any CPU.ActiveCfg = Release|Any CPU
		{EE6422BA-25CD-4946-A925-22B516A6ADE6}.Release|Any CPU.Build.0 = Release|Any CPU
		{81BCCDB6-F863-472C-9C5C-FE93B3177CB6}.Debug|Any CPU.ActiveCfg = Debug|Any CPU
		{81BCCDB6-F863-472C-9C5C-FE93B3177CB6}.Debug|Any CPU.Build.0 = Debug|Any CPU
		{81BCCDB6-F863-472C-9C5C-FE93B3177CB6}.Release|Any CPU.ActiveCfg = Release|Any CPU
		{81BCCDB6-F863-472C-9C5C-FE93B3177CB6}.Release|Any CPU.Build.0 = Release|Any CPU
		{AA38B9EB-8981-479A-ABEF-C59BFFE4ED1A}.Debug|Any CPU.ActiveCfg = Debug|Any CPU
		{AA38B9EB-8981-479A-ABEF-C59BFFE4ED1A}.Debug|Any CPU.Build.0 = Debug|Any CPU
		{AA38B9EB-8981-479A-ABEF-C59BFFE4ED1A}.Release|Any CPU.ActiveCfg = Release|Any CPU
		{AA38B9EB-8981-479A-ABEF-C59BFFE4ED1A}.Release|Any CPU.Build.0 = Release|Any CPU
	EndGlobalSection
	GlobalSection(SolutionProperties) = preSolution
		HideSolutionNode = FALSE
	EndGlobalSection
	GlobalSection(NestedProjects) = preSolution
		{2E3D52BD-7F10-4E39-A87E-0672FD76E103} = {F2437445-B166-434B-A341-98AA1C45B4C1}
		{AA38B9EB-8981-479A-ABEF-C59BFFE4ED1A} = {F2437445-B166-434B-A341-98AA1C45B4C1}
	EndGlobalSection
EndGlobal
