
Microsoft Visual Studio Solution File, Format Version 12.00
# Visual Studio 14
VisualStudioVersion = 14.0.25420.1
MinimumVisualStudioVersion = 10.0.40219.1
Project("{FAE04EC0-301F-11D3-BF4B-00C04F79EFBC}") = "ConsoleApplication1", "ConsoleApplication1.csproj", "{826D1285-37FC-4FB8-A84C-5124651F710E}"
EndProject
Project("{FAE04EC0-301F-11D3-BF4B-00C04F79EFBC}") = "ConsoleApplication2", "..\ConsoleApplication2\ConsoleApplication2.csproj", "{28A4255C-BD62-4144-AD7E-225E82A75AA9}"
EndProject
Global
	GlobalSection(SolutionConfigurationPlatforms) = preSolution
		Debug|Any CPU = Debug|Any CPU
		Release|Any CPU = Release|Any CPU
	EndGlobalSection
	GlobalSection(ProjectConfigurationPlatforms) = postSolution
		{826D1285-37FC-4FB8-A84C-5124651F710E}.Debug|Any CPU.ActiveCfg = Debug|Any CPU
		{826D1285-37FC-4FB8-A84C-5124651F710E}.Debug|Any CPU.Build.0 = Debug|Any CPU
		{826D1285-37FC-4FB8-A84C-5124651F710E}.Release|Any CPU.ActiveCfg = Release|Any CPU
		{826D1285-37FC-4FB8-A84C-5124651F710E}.Release|Any CPU.Build.0 = Release|Any CPU
		{28A4255C-BD62-4144-AD7E-225E82A75AA9}.Debug|Any CPU.ActiveCfg = Debug|Any CPU
		{28A4255C-BD62-4144-AD7E-225E82A75AA9}.Debug|Any CPU.Build.0 = Debug|Any CPU
		{28A4255C-BD62-4144-AD7E-225E82A75AA9}.Release|Any CPU.ActiveCfg = Release|Any CPU
		{28A4255C-BD62-4144-AD7E-225E82A75AA9}.Release|Any CPU.Build.0 = Release|Any CPU
	EndGlobalSection
	GlobalSection(SolutionProperties) = preSolution
		HideSolutionNode = FALSE
	EndGlobalSection
EndGlobal
